// !$*UTF8*$!
{
	archiveVersion = 1;
	classes = {
	};
	objectVersion = 55;
	objects = {

/* Begin PBXBuildFile section */
		25B4159B2784159800304754 /* Tests_iOS.swift in Sources */ = {isa = PBXBuildFile; fileRef = 25B4159A2784159800304754 /* Tests_iOS.swift */; };
		25B4159D2784159800304754 /* Tests_iOSLaunchTests.swift in Sources */ = {isa = PBXBuildFile; fileRef = 25B4159C2784159800304754 /* Tests_iOSLaunchTests.swift */; };
		25B415A72784159800304754 /* Tests_macOS.swift in Sources */ = {isa = PBXBuildFile; fileRef = 25B415A62784159800304754 /* Tests_macOS.swift */; };
		25B415A92784159800304754 /* Tests_macOSLaunchTests.swift in Sources */ = {isa = PBXBuildFile; fileRef = 25B415A82784159800304754 /* Tests_macOSLaunchTests.swift */; };
		25B415AA2784159800304754 /* JSNewAPISampleApp.swift in Sources */ = {isa = PBXBuildFile; fileRef = 25B415822784159700304754 /* JSNewAPISampleApp.swift */; };
		25B415AB2784159800304754 /* JSNewAPISampleApp.swift in Sources */ = {isa = PBXBuildFile; fileRef = 25B415822784159700304754 /* JSNewAPISampleApp.swift */; };
		25B415AC2784159800304754 /* ContentView.swift in Sources */ = {isa = PBXBuildFile; fileRef = 25B415832784159700304754 /* ContentView.swift */; };
		25B415AD2784159800304754 /* ContentView.swift in Sources */ = {isa = PBXBuildFile; fileRef = 25B415832784159700304754 /* ContentView.swift */; };
		25B415AE2784159800304754 /* Assets.xcassets in Resources */ = {isa = PBXBuildFile; fileRef = 25B415842784159800304754 /* Assets.xcassets */; };
		25B415AF2784159800304754 /* Assets.xcassets in Resources */ = {isa = PBXBuildFile; fileRef = 25B415842784159800304754 /* Assets.xcassets */; };
		25B415BF278415BF00304754 /* JSNApiSample.swift in Sources */ = {isa = PBXBuildFile; fileRef = 25B415BE278415BF00304754 /* JSNApiSample.swift */; };
		25B415C0278415BF00304754 /* JSNApiSample.swift in Sources */ = {isa = PBXBuildFile; fileRef = 25B415BE278415BF00304754 /* JSNApiSample.swift */; };
/* End PBXBuildFile section */

/* Begin PBXContainerItemProxy section */
		25B415972784159800304754 /* PBXContainerItemProxy */ = {
			isa = PBXContainerItemProxy;
			containerPortal = 25B4157D2784159700304754 /* Project object */;
			proxyType = 1;
			remoteGlobalIDString = 25B415882784159800304754;
			remoteInfo = "JSNewAPISample (iOS)";
		};
		25B415A32784159800304754 /* PBXContainerItemProxy */ = {
			isa = PBXContainerItemProxy;
			containerPortal = 25B4157D2784159700304754 /* Project object */;
			proxyType = 1;
			remoteGlobalIDString = 25B4158E2784159800304754;
			remoteInfo = "JSNewAPISample (macOS)";
		};
/* End PBXContainerItemProxy section */

/* Begin PBXFileReference section */
		25B415822784159700304754 /* JSNewAPISampleApp.swift */ = {isa = PBXFileReference; lastKnownFileType = sourcecode.swift; path = JSNewAPISampleApp.swift; sourceTree = "<group>"; };
		25B415832784159700304754 /* ContentView.swift */ = {isa = PBXFileReference; lastKnownFileType = sourcecode.swift; path = ContentView.swift; sourceTree = "<group>"; };
		25B415842784159800304754 /* Assets.xcassets */ = {isa = PBXFileReference; lastKnownFileType = folder.assetcatalog; path = Assets.xcassets; sourceTree = "<group>"; };
		25B415892784159800304754 /* JSNewAPISample.app */ = {isa = PBXFileReference; explicitFileType = wrapper.application; includeInIndex = 0; path = JSNewAPISample.app; sourceTree = BUILT_PRODUCTS_DIR; };
		25B4158F2784159800304754 /* JSNewAPISample.app */ = {isa = PBXFileReference; explicitFileType = wrapper.application; includeInIndex = 0; path = JSNewAPISample.app; sourceTree = BUILT_PRODUCTS_DIR; };
		25B415912784159800304754 /* macOS.entitlements */ = {isa = PBXFileReference; lastKnownFileType = text.plist.entitlements; path = macOS.entitlements; sourceTree = "<group>"; };
		25B415962784159800304754 /* Tests iOS.xctest */ = {isa = PBXFileReference; explicitFileType = wrapper.cfbundle; includeInIndex = 0; path = "Tests iOS.xctest"; sourceTree = BUILT_PRODUCTS_DIR; };
		25B4159A2784159800304754 /* Tests_iOS.swift */ = {isa = PBXFileReference; lastKnownFileType = sourcecode.swift; path = Tests_iOS.swift; sourceTree = "<group>"; };
		25B4159C2784159800304754 /* Tests_iOSLaunchTests.swift */ = {isa = PBXFileReference; lastKnownFileType = sourcecode.swift; path = Tests_iOSLaunchTests.swift; sourceTree = "<group>"; };
		25B415A22784159800304754 /* Tests macOS.xctest */ = {isa = PBXFileReference; explicitFileType = wrapper.cfbundle; includeInIndex = 0; path = "Tests macOS.xctest"; sourceTree = BUILT_PRODUCTS_DIR; };
		25B415A62784159800304754 /* Tests_macOS.swift */ = {isa = PBXFileReference; lastKnownFileType = sourcecode.swift; path = Tests_macOS.swift; sourceTree = "<group>"; };
		25B415A82784159800304754 /* Tests_macOSLaunchTests.swift */ = {isa = PBXFileReference; lastKnownFileType = sourcecode.swift; path = Tests_macOSLaunchTests.swift; sourceTree = "<group>"; };
		25B415BE278415BF00304754 /* JSNApiSample.swift */ = {isa = PBXFileReference; lastKnownFileType = sourcecode.swift; path = JSNApiSample.swift; sourceTree = "<group>"; };
		25B415C327844B2800304754 /* README.md */ = {isa = PBXFileReference; lastKnownFileType = net.daringfireball.markdown; path = README.md; sourceTree = "<group>"; };
/* End PBXFileReference section */

/* Begin PBXFrameworksBuildPhase section */
		25B415862784159800304754 /* Frameworks */ = {
			isa = PBXFrameworksBuildPhase;
			buildActionMask = 2147483647;
			files = (
			);
			runOnlyForDeploymentPostprocessing = 0;
		};
		25B4158C2784159800304754 /* Frameworks */ = {
			isa = PBXFrameworksBuildPhase;
			buildActionMask = 2147483647;
			files = (
			);
			runOnlyForDeploymentPostprocessing = 0;
		};
		25B415932784159800304754 /* Frameworks */ = {
			isa = PBXFrameworksBuildPhase;
			buildActionMask = 2147483647;
			files = (
			);
			runOnlyForDeploymentPostprocessing = 0;
		};
		25B4159F2784159800304754 /* Frameworks */ = {
			isa = PBXFrameworksBuildPhase;
			buildActionMask = 2147483647;
			files = (
			);
			runOnlyForDeploymentPostprocessing = 0;
		};
/* End PBXFrameworksBuildPhase section */

/* Begin PBXGroup section */
		25B4157C2784159700304754 = {
			isa = PBXGroup;
			children = (
				25B415812784159700304754 /* Shared */,
				25B415902784159800304754 /* macOS */,
				25B415992784159800304754 /* Tests iOS */,
				25B415A52784159800304754 /* Tests macOS */,
				25B4158A2784159800304754 /* Products */,
			);
			sourceTree = "<group>";
		};
		25B415812784159700304754 /* Shared */ = {
			isa = PBXGroup;
			children = (
				25B415C127844AF400304754 /* Examples */,
				25B415832784159700304754 /* ContentView.swift */,
				25B415842784159800304754 /* Assets.xcassets */,
				25B415BE278415BF00304754 /* JSNApiSample.swift */,
			);
			path = Shared;
			sourceTree = "<group>";
		};
		25B4158A2784159800304754 /* Products */ = {
			isa = PBXGroup;
			children = (
				25B415892784159800304754 /* JSNewAPISample.app */,
				25B4158F2784159800304754 /* JSNewAPISample.app */,
				25B415962784159800304754 /* Tests iOS.xctest */,
				25B415A22784159800304754 /* Tests macOS.xctest */,
			);
			name = Products;
			sourceTree = "<group>";
		};
		25B415902784159800304754 /* macOS */ = {
			isa = PBXGroup;
			children = (
				25B415912784159800304754 /* macOS.entitlements */,
			);
			path = macOS;
			sourceTree = "<group>";
		};
		25B415992784159800304754 /* Tests iOS */ = {
			isa = PBXGroup;
			children = (
				25B4159A2784159800304754 /* Tests_iOS.swift */,
				25B4159C2784159800304754 /* Tests_iOSLaunchTests.swift */,
			);
			path = "Tests iOS";
			sourceTree = "<group>";
		};
		25B415A52784159800304754 /* Tests macOS */ = {
			isa = PBXGroup;
			children = (
				25B415A62784159800304754 /* Tests_macOS.swift */,
				25B415A82784159800304754 /* Tests_macOSLaunchTests.swift */,
			);
			path = "Tests macOS";
			sourceTree = "<group>";
		};
		25B415C127844AF400304754 /* Examples */ = {
			isa = PBXGroup;
			children = (
				25B415C227844B1500304754 /* JSExecution */,
			);
			path = Examples;
			sourceTree = "<group>";
		};
		25B415C227844B1500304754 /* JSExecution */ = {
			isa = PBXGroup;
			children = (
				25B415822784159700304754 /* JSNewAPISampleApp.swift */,
				25B415C327844B2800304754 /* README.md */,
			);
			path = JSExecution;
			sourceTree = "<group>";
		};
/* End PBXGroup section */

/* Begin PBXNativeTarget section */
		25B415882784159800304754 /* JSNewAPISample (iOS) */ = {
			isa = PBXNativeTarget;
			buildConfigurationList = 25B415B22784159800304754 /* Build configuration list for PBXNativeTarget "JSNewAPISample (iOS)" */;
			buildPhases = (
				25B415852784159800304754 /* Sources */,
				25B415862784159800304754 /* Frameworks */,
				25B415872784159800304754 /* Resources */,
			);
			buildRules = (
			);
			dependencies = (
			);
			name = "JSNewAPISample (iOS)";
			productName = "JSNewAPISample (iOS)";
			productReference = 25B415892784159800304754 /* JSNewAPISample.app */;
			productType = "com.apple.product-type.application";
		};
		25B4158E2784159800304754 /* JSNewAPISample (macOS) */ = {
			isa = PBXNativeTarget;
			buildConfigurationList = 25B415B52784159800304754 /* Build configuration list for PBXNativeTarget "JSNewAPISample (macOS)" */;
			buildPhases = (
				25B4158B2784159800304754 /* Sources */,
				25B4158C2784159800304754 /* Frameworks */,
				25B4158D2784159800304754 /* Resources */,
			);
			buildRules = (
			);
			dependencies = (
			);
			name = "JSNewAPISample (macOS)";
			productName = "JSNewAPISample (macOS)";
			productReference = 25B4158F2784159800304754 /* JSNewAPISample.app */;
			productType = "com.apple.product-type.application";
		};
		25B415952784159800304754 /* Tests iOS */ = {
			isa = PBXNativeTarget;
			buildConfigurationList = 25B415B82784159800304754 /* Build configuration list for PBXNativeTarget "Tests iOS" */;
			buildPhases = (
				25B415922784159800304754 /* Sources */,
				25B415932784159800304754 /* Frameworks */,
				25B415942784159800304754 /* Resources */,
			);
			buildRules = (
			);
			dependencies = (
				25B415982784159800304754 /* PBXTargetDependency */,
			);
			name = "Tests iOS";
			productName = "Tests iOS";
			productReference = 25B415962784159800304754 /* Tests iOS.xctest */;
			productType = "com.apple.product-type.bundle.ui-testing";
		};
		25B415A12784159800304754 /* Tests macOS */ = {
			isa = PBXNativeTarget;
			buildConfigurationList = 25B415BB2784159800304754 /* Build configuration list for PBXNativeTarget "Tests macOS" */;
			buildPhases = (
				25B4159E2784159800304754 /* Sources */,
				25B4159F2784159800304754 /* Frameworks */,
				25B415A02784159800304754 /* Resources */,
			);
			buildRules = (
			);
			dependencies = (
				25B415A42784159800304754 /* PBXTargetDependency */,
			);
			name = "Tests macOS";
			productName = "Tests macOS";
			productReference = 25B415A22784159800304754 /* Tests macOS.xctest */;
			productType = "com.apple.product-type.bundle.ui-testing";
		};
/* End PBXNativeTarget section */

/* Begin PBXProject section */
		25B4157D2784159700304754 /* Project object */ = {
			isa = PBXProject;
			attributes = {
				BuildIndependentTargetsInParallel = 1;
				LastSwiftUpdateCheck = 1320;
				LastUpgradeCheck = 1320;
				TargetAttributes = {
					25B415882784159800304754 = {
						CreatedOnToolsVersion = 13.2.1;
					};
					25B4158E2784159800304754 = {
						CreatedOnToolsVersion = 13.2.1;
					};
					25B415952784159800304754 = {
						CreatedOnToolsVersion = 13.2.1;
						TestTargetID = 25B415882784159800304754;
					};
					25B415A12784159800304754 = {
						CreatedOnToolsVersion = 13.2.1;
						TestTargetID = 25B4158E2784159800304754;
					};
				};
			};
			buildConfigurationList = 25B415802784159700304754 /* Build configuration list for PBXProject "JSNewAPISample" */;
			compatibilityVersion = "Xcode 13.0";
			developmentRegion = en;
			hasScannedForEncodings = 0;
			knownRegions = (
				en,
				Base,
			);
			mainGroup = 25B4157C2784159700304754;
			productRefGroup = 25B4158A2784159800304754 /* Products */;
			projectDirPath = "";
			projectRoot = "";
			targets = (
				25B415882784159800304754 /* JSNewAPISample (iOS) */,
				25B4158E2784159800304754 /* JSNewAPISample (macOS) */,
				25B415952784159800304754 /* Tests iOS */,
				25B415A12784159800304754 /* Tests macOS */,
			);
		};
/* End PBXProject section */

/* Begin PBXResourcesBuildPhase section */
		25B415872784159800304754 /* Resources */ = {
			isa = PBXResourcesBuildPhase;
			buildActionMask = 2147483647;
			files = (
				25B415AE2784159800304754 /* Assets.xcassets in Resources */,
			);
			runOnlyForDeploymentPostprocessing = 0;
		};
		25B4158D2784159800304754 /* Resources */ = {
			isa = PBXResourcesBuildPhase;
			buildActionMask = 2147483647;
			files = (
				25B415AF2784159800304754 /* Assets.xcassets in Resources */,
			);
			runOnlyForDeploymentPostprocessing = 0;
		};
		25B415942784159800304754 /* Resources */ = {
			isa = PBXResourcesBuildPhase;
			buildActionMask = 2147483647;
			files = (
			);
			runOnlyForDeploymentPostprocessing = 0;
		};
		25B415A02784159800304754 /* Resources */ = {
			isa = PBXResourcesBuildPhase;
			buildActionMask = 2147483647;
			files = (
			);
			runOnlyForDeploymentPostprocessing = 0;
		};
/* End PBXResourcesBuildPhase section */

/* Begin PBXSourcesBuildPhase section */
		25B415852784159800304754 /* Sources */ = {
			isa = PBXSourcesBuildPhase;
			buildActionMask = 2147483647;
			files = (
				25B415BF278415BF00304754 /* JSNApiSample.swift in Sources */,
				25B415AC2784159800304754 /* ContentView.swift in Sources */,
				25B415AA2784159800304754 /* JSNewAPISampleApp.swift in Sources */,
			);
			runOnlyForDeploymentPostprocessing = 0;
		};
		25B4158B2784159800304754 /* Sources */ = {
			isa = PBXSourcesBuildPhase;
			buildActionMask = 2147483647;
			files = (
				25B415C0278415BF00304754 /* JSNApiSample.swift in Sources */,
				25B415AD2784159800304754 /* ContentView.swift in Sources */,
				25B415AB2784159800304754 /* JSNewAPISampleApp.swift in Sources */,
			);
			runOnlyForDeploymentPostprocessing = 0;
		};
		25B415922784159800304754 /* Sources */ = {
			isa = PBXSourcesBuildPhase;
			buildActionMask = 2147483647;
			files = (
				25B4159D2784159800304754 /* Tests_iOSLaunchTests.swift in Sources */,
				25B4159B2784159800304754 /* Tests_iOS.swift in Sources */,
			);
			runOnlyForDeploymentPostprocessing = 0;
		};
		25B4159E2784159800304754 /* Sources */ = {
			isa = PBXSourcesBuildPhase;
			buildActionMask = 2147483647;
			files = (
				25B415A92784159800304754 /* Tests_macOSLaunchTests.swift in Sources */,
				25B415A72784159800304754 /* Tests_macOS.swift in Sources */,
			);
			runOnlyForDeploymentPostprocessing = 0;
		};
/* End PBXSourcesBuildPhase section */

/* Begin PBXTargetDependency section */
		25B415982784159800304754 /* PBXTargetDependency */ = {
			isa = PBXTargetDependency;
			target = 25B415882784159800304754 /* JSNewAPISample (iOS) */;
			targetProxy = 25B415972784159800304754 /* PBXContainerItemProxy */;
		};
		25B415A42784159800304754 /* PBXTargetDependency */ = {
			isa = PBXTargetDependency;
			target = 25B4158E2784159800304754 /* JSNewAPISample (macOS) */;
			targetProxy = 25B415A32784159800304754 /* PBXContainerItemProxy */;
		};
/* End PBXTargetDependency section */

/* Begin XCBuildConfiguration section */
		25B415B02784159800304754 /* Debug */ = {
			isa = XCBuildConfiguration;
			buildSettings = {
				ALWAYS_SEARCH_USER_PATHS = NO;
				CLANG_ANALYZER_NONNULL = YES;
				CLANG_ANALYZER_NUMBER_OBJECT_CONVERSION = YES_AGGRESSIVE;
				CLANG_CXX_LANGUAGE_STANDARD = "gnu++17";
				CLANG_CXX_LIBRARY = "libc++";
				CLANG_ENABLE_MODULES = YES;
				CLANG_ENABLE_OBJC_ARC = YES;
				CLANG_ENABLE_OBJC_WEAK = YES;
				CLANG_WARN_BLOCK_CAPTURE_AUTORELEASING = YES;
				CLANG_WARN_BOOL_CONVERSION = YES;
				CLANG_WARN_COMMA = YES;
				CLANG_WARN_CONSTANT_CONVERSION = YES;
				CLANG_WARN_DEPRECATED_OBJC_IMPLEMENTATIONS = YES;
				CLANG_WARN_DIRECT_OBJC_ISA_USAGE = YES_ERROR;
				CLANG_WARN_DOCUMENTATION_COMMENTS = YES;
				CLANG_WARN_EMPTY_BODY = YES;
				CLANG_WARN_ENUM_CONVERSION = YES;
				CLANG_WARN_INFINITE_RECURSION = YES;
				CLANG_WARN_INT_CONVERSION = YES;
				CLANG_WARN_NON_LITERAL_NULL_CONVERSION = YES;
				CLANG_WARN_OBJC_IMPLICIT_RETAIN_SELF = YES;
				CLANG_WARN_OBJC_LITERAL_CONVERSION = YES;
				CLANG_WARN_OBJC_ROOT_CLASS = YES_ERROR;
				CLANG_WARN_QUOTED_INCLUDE_IN_FRAMEWORK_HEADER = YES;
				CLANG_WARN_RANGE_LOOP_ANALYSIS = YES;
				CLANG_WARN_STRICT_PROTOTYPES = YES;
				CLANG_WARN_SUSPICIOUS_MOVE = YES;
				CLANG_WARN_UNGUARDED_AVAILABILITY = YES_AGGRESSIVE;
				CLANG_WARN_UNREACHABLE_CODE = YES;
				CLANG_WARN__DUPLICATE_METHOD_MATCH = YES;
				COPY_PHASE_STRIP = NO;
				DEBUG_INFORMATION_FORMAT = dwarf;
				ENABLE_STRICT_OBJC_MSGSEND = YES;
				ENABLE_TESTABILITY = YES;
				GCC_C_LANGUAGE_STANDARD = gnu11;
				GCC_DYNAMIC_NO_PIC = NO;
				GCC_NO_COMMON_BLOCKS = YES;
				GCC_OPTIMIZATION_LEVEL = 0;
				GCC_PREPROCESSOR_DEFINITIONS = (
					"DEBUG=1",
					"$(inherited)",
				);
				GCC_WARN_64_TO_32_BIT_CONVERSION = YES;
				GCC_WARN_ABOUT_RETURN_TYPE = YES_ERROR;
				GCC_WARN_UNDECLARED_SELECTOR = YES;
				GCC_WARN_UNINITIALIZED_AUTOS = YES_AGGRESSIVE;
				GCC_WARN_UNUSED_FUNCTION = YES;
				GCC_WARN_UNUSED_VARIABLE = YES;
				MTL_ENABLE_DEBUG_INFO = INCLUDE_SOURCE;
				MTL_FAST_MATH = YES;
				ONLY_ACTIVE_ARCH = YES;
				SWIFT_ACTIVE_COMPILATION_CONDITIONS = DEBUG;
				SWIFT_OPTIMIZATION_LEVEL = "-Onone";
			};
			name = Debug;
		};
		25B415B12784159800304754 /* Release */ = {
			isa = XCBuildConfiguration;
			buildSettings = {
				ALWAYS_SEARCH_USER_PATHS = NO;
				CLANG_ANALYZER_NONNULL = YES;
				CLANG_ANALYZER_NUMBER_OBJECT_CONVERSION = YES_AGGRESSIVE;
				CLANG_CXX_LANGUAGE_STANDARD = "gnu++17";
				CLANG_CXX_LIBRARY = "libc++";
				CLANG_ENABLE_MODULES = YES;
				CLANG_ENABLE_OBJC_ARC = YES;
				CLANG_ENABLE_OBJC_WEAK = YES;
				CLANG_WARN_BLOCK_CAPTURE_AUTORELEASING = YES;
				CLANG_WARN_BOOL_CONVERSION = YES;
				CLANG_WARN_COMMA = YES;
				CLANG_WARN_CONSTANT_CONVERSION = YES;
				CLANG_WARN_DEPRECATED_OBJC_IMPLEMENTATIONS = YES;
				CLANG_WARN_DIRECT_OBJC_ISA_USAGE = YES_ERROR;
				CLANG_WARN_DOCUMENTATION_COMMENTS = YES;
				CLANG_WARN_EMPTY_BODY = YES;
				CLANG_WARN_ENUM_CONVERSION = YES;
				CLANG_WARN_INFINITE_RECURSION = YES;
				CLANG_WARN_INT_CONVERSION = YES;
				CLANG_WARN_NON_LITERAL_NULL_CONVERSION = YES;
				CLANG_WARN_OBJC_IMPLICIT_RETAIN_SELF = YES;
				CLANG_WARN_OBJC_LITERAL_CONVERSION = YES;
				CLANG_WARN_OBJC_ROOT_CLASS = YES_ERROR;
				CLANG_WARN_QUOTED_INCLUDE_IN_FRAMEWORK_HEADER = YES;
				CLANG_WARN_RANGE_LOOP_ANALYSIS = YES;
				CLANG_WARN_STRICT_PROTOTYPES = YES;
				CLANG_WARN_SUSPICIOUS_MOVE = YES;
				CLANG_WARN_UNGUARDED_AVAILABILITY = YES_AGGRESSIVE;
				CLANG_WARN_UNREACHABLE_CODE = YES;
				CLANG_WARN__DUPLICATE_METHOD_MATCH = YES;
				COPY_PHASE_STRIP = NO;
				DEBUG_INFORMATION_FORMAT = "dwarf-with-dsym";
				ENABLE_NS_ASSERTIONS = NO;
				ENABLE_STRICT_OBJC_MSGSEND = YES;
				GCC_C_LANGUAGE_STANDARD = gnu11;
				GCC_NO_COMMON_BLOCKS = YES;
				GCC_WARN_64_TO_32_BIT_CONVERSION = YES;
				GCC_WARN_ABOUT_RETURN_TYPE = YES_ERROR;
				GCC_WARN_UNDECLARED_SELECTOR = YES;
				GCC_WARN_UNINITIALIZED_AUTOS = YES_AGGRESSIVE;
				GCC_WARN_UNUSED_FUNCTION = YES;
				GCC_WARN_UNUSED_VARIABLE = YES;
				MTL_ENABLE_DEBUG_INFO = NO;
				MTL_FAST_MATH = YES;
				SWIFT_COMPILATION_MODE = wholemodule;
				SWIFT_OPTIMIZATION_LEVEL = "-O";
			};
			name = Release;
		};
		25B415B32784159800304754 /* Debug */ = {
			isa = XCBuildConfiguration;
			buildSettings = {
				ASSETCATALOG_COMPILER_APPICON_NAME = AppIcon;
				ASSETCATALOG_COMPILER_GLOBAL_ACCENT_COLOR_NAME = AccentColor;
				CODE_SIGN_STYLE = Automatic;
				CURRENT_PROJECT_VERSION = 1;
				DEVELOPMENT_TEAM = 8T4P9D4TB2;
				ENABLE_PREVIEWS = YES;
				GENERATE_INFOPLIST_FILE = YES;
				INFOPLIST_KEY_UIApplicationSceneManifest_Generation = YES;
				INFOPLIST_KEY_UIApplicationSupportsIndirectInputEvents = YES;
				INFOPLIST_KEY_UILaunchScreen_Generation = YES;
				INFOPLIST_KEY_UISupportedInterfaceOrientations_iPad = "UIInterfaceOrientationPortrait UIInterfaceOrientationPortraitUpsideDown UIInterfaceOrientationLandscapeLeft UIInterfaceOrientationLandscapeRight";
				INFOPLIST_KEY_UISupportedInterfaceOrientations_iPhone = "UIInterfaceOrientationPortrait UIInterfaceOrientationLandscapeLeft UIInterfaceOrientationLandscapeRight";
				IPHONEOS_DEPLOYMENT_TARGET = 15.2;
				LD_RUNPATH_SEARCH_PATHS = (
					"$(inherited)",
					"@executable_path/Frameworks",
				);
				MARKETING_VERSION = 1.0;
				PRODUCT_BUNDLE_IDENTIFIER = com.shotach.JSNewAPISample;
				PRODUCT_NAME = JSNewAPISample;
				SDKROOT = iphoneos;
				SWIFT_EMIT_LOC_STRINGS = YES;
				SWIFT_VERSION = 5.0;
				TARGETED_DEVICE_FAMILY = "1,2";
			};
			name = Debug;
		};
		25B415B42784159800304754 /* Release */ = {
			isa = XCBuildConfiguration;
			buildSettings = {
				ASSETCATALOG_COMPILER_APPICON_NAME = AppIcon;
				ASSETCATALOG_COMPILER_GLOBAL_ACCENT_COLOR_NAME = AccentColor;
				CODE_SIGN_STYLE = Automatic;
				CURRENT_PROJECT_VERSION = 1;
				DEVELOPMENT_TEAM = 8T4P9D4TB2;
				ENABLE_PREVIEWS = YES;
				GENERATE_INFOPLIST_FILE = YES;
				INFOPLIST_KEY_UIApplicationSceneManifest_Generation = YES;
				INFOPLIST_KEY_UIApplicationSupportsIndirectInputEvents = YES;
				INFOPLIST_KEY_UILaunchScreen_Generation = YES;
				INFOPLIST_KEY_UISupportedInterfaceOrientations_iPad = "UIInterfaceOrientationPortrait UIInterfaceOrientationPortraitUpsideDown UIInterfaceOrientationLandscapeLeft UIInterfaceOrientationLandscapeRight";
				INFOPLIST_KEY_UISupportedInterfaceOrientations_iPhone = "UIInterfaceOrientationPortrait UIInterfaceOrientationLandscapeLeft UIInterfaceOrientationLandscapeRight";
				IPHONEOS_DEPLOYMENT_TARGET = 15.2;
				LD_RUNPATH_SEARCH_PATHS = (
					"$(inherited)",
					"@executable_path/Frameworks",
				);
				MARKETING_VERSION = 1.0;
				PRODUCT_BUNDLE_IDENTIFIER = com.shotach.JSNewAPISample;
				PRODUCT_NAME = JSNewAPISample;
				SDKROOT = iphoneos;
				SWIFT_EMIT_LOC_STRINGS = YES;
				SWIFT_VERSION = 5.0;
				TARGETED_DEVICE_FAMILY = "1,2";
				VALIDATE_PRODUCT = YES;
			};
			name = Release;
		};
		25B415B62784159800304754 /* Debug */ = {
			isa = XCBuildConfiguration;
			buildSettings = {
				ASSETCATALOG_COMPILER_APPICON_NAME = AppIcon;
				ASSETCATALOG_COMPILER_GLOBAL_ACCENT_COLOR_NAME = AccentColor;
				CODE_SIGN_ENTITLEMENTS = macOS/macOS.entitlements;
				CODE_SIGN_STYLE = Automatic;
				COMBINE_HIDPI_IMAGES = YES;
				CURRENT_PROJECT_VERSION = 1;
				DEVELOPMENT_TEAM = 8T4P9D4TB2;
				ENABLE_HARDENED_RUNTIME = YES;
				ENABLE_PREVIEWS = YES;
				GENERATE_INFOPLIST_FILE = YES;
				INFOPLIST_KEY_NSHumanReadableCopyright = "";
				LD_RUNPATH_SEARCH_PATHS = (
					"$(inherited)",
					"@executable_path/../Frameworks",
				);
				MACOSX_DEPLOYMENT_TARGET = 12.1;
				MARKETING_VERSION = 1.0;
				PRODUCT_BUNDLE_IDENTIFIER = com.shotach.JSNewAPISample;
				PRODUCT_NAME = JSNewAPISample;
				SDKROOT = macosx;
				SWIFT_EMIT_LOC_STRINGS = YES;
				SWIFT_VERSION = 5.0;
			};
			name = Debug;
		};
		25B415B72784159800304754 /* Release */ = {
			isa = XCBuildConfiguration;
			buildSettings = {
				ASSETCATALOG_COMPILER_APPICON_NAME = AppIcon;
				ASSETCATALOG_COMPILER_GLOBAL_ACCENT_COLOR_NAME = AccentColor;
				CODE_SIGN_ENTITLEMENTS = macOS/macOS.entitlements;
				CODE_SIGN_STYLE = Automatic;
				COMBINE_HIDPI_IMAGES = YES;
				CURRENT_PROJECT_VERSION = 1;
				DEVELOPMENT_TEAM = 8T4P9D4TB2;
				ENABLE_HARDENED_RUNTIME = YES;
				ENABLE_PREVIEWS = YES;
				GENERATE_INFOPLIST_FILE = YES;
				INFOPLIST_KEY_NSHumanReadableCopyright = "";
				LD_RUNPATH_SEARCH_PATHS = (
					"$(inherited)",
					"@executable_path/../Frameworks",
				);
				MACOSX_DEPLOYMENT_TARGET = 12.1;
				MARKETING_VERSION = 1.0;
				PRODUCT_BUNDLE_IDENTIFIER = com.shotach.JSNewAPISample;
				PRODUCT_NAME = JSNewAPISample;
				SDKROOT = macosx;
				SWIFT_EMIT_LOC_STRINGS = YES;
				SWIFT_VERSION = 5.0;
			};
			name = Release;
		};
		25B415B92784159800304754 /* Debug */ = {
			isa = XCBuildConfiguration;
			buildSettings = {
				ALWAYS_EMBED_SWIFT_STANDARD_LIBRARIES = YES;
				CODE_SIGN_STYLE = Automatic;
				CURRENT_PROJECT_VERSION = 1;
				DEVELOPMENT_TEAM = 8T4P9D4TB2;
				GENERATE_INFOPLIST_FILE = YES;
				IPHONEOS_DEPLOYMENT_TARGET = 15.2;
				MARKETING_VERSION = 1.0;
				PRODUCT_BUNDLE_IDENTIFIER = "com.shotach.Tests-iOS";
				PRODUCT_NAME = "$(TARGET_NAME)";
				SDKROOT = iphoneos;
				SWIFT_EMIT_LOC_STRINGS = NO;
				SWIFT_VERSION = 5.0;
				TARGETED_DEVICE_FAMILY = "1,2";
				TEST_TARGET_NAME = "JSNewAPISample (iOS)";
			};
			name = Debug;
		};
		25B415BA2784159800304754 /* Release */ = {
			isa = XCBuildConfiguration;
			buildSettings = {
				ALWAYS_EMBED_SWIFT_STANDARD_LIBRARIES = YES;
				CODE_SIGN_STYLE = Automatic;
				CURRENT_PROJECT_VERSION = 1;
				DEVELOPMENT_TEAM = 8T4P9D4TB2;
				GENERATE_INFOPLIST_FILE = YES;
				IPHONEOS_DEPLOYMENT_TARGET = 15.2;
				MARKETING_VERSION = 1.0;
				PRODUCT_BUNDLE_IDENTIFIER = "com.shotach.Tests-iOS";
				PRODUCT_NAME = "$(TARGET_NAME)";
				SDKROOT = iphoneos;
				SWIFT_EMIT_LOC_STRINGS = NO;
				SWIFT_VERSION = 5.0;
				TARGETED_DEVICE_FAMILY = "1,2";
				TEST_TARGET_NAME = "JSNewAPISample (iOS)";
				VALIDATE_PRODUCT = YES;
			};
			name = Release;
		};
		25B415BC2784159800304754 /* Debug */ = {
			isa = XCBuildConfiguration;
			buildSettings = {
				ALWAYS_EMBED_SWIFT_STANDARD_LIBRARIES = YES;
				CODE_SIGN_STYLE = Automatic;
				CURRENT_PROJECT_VERSION = 1;
				DEVELOPMENT_TEAM = 8T4P9D4TB2;
				GENERATE_INFOPLIST_FILE = YES;
				MACOSX_DEPLOYMENT_TARGET = 12.1;
				MARKETING_VERSION = 1.0;
				PRODUCT_BUNDLE_IDENTIFIER = "com.shotach.Tests-macOS";
				PRODUCT_NAME = "$(TARGET_NAME)";
				SDKROOT = macosx;
				SWIFT_EMIT_LOC_STRINGS = NO;
				SWIFT_VERSION = 5.0;
				TEST_TARGET_NAME = "JSNewAPISample (macOS)";
			};
			name = Debug;
		};
		25B415BD2784159800304754 /* Release */ = {
			isa = XCBuildConfiguration;
			buildSettings = {
				ALWAYS_EMBED_SWIFT_STANDARD_LIBRARIES = YES;
				CODE_SIGN_STYLE = Automatic;
				CURRENT_PROJECT_VERSION = 1;
				DEVELOPMENT_TEAM = 8T4P9D4TB2;
				GENERATE_INFOPLIST_FILE = YES;
				MACOSX_DEPLOYMENT_TARGET = 12.1;
				MARKETING_VERSION = 1.0;
				PRODUCT_BUNDLE_IDENTIFIER = "com.shotach.Tests-macOS";
				PRODUCT_NAME = "$(TARGET_NAME)";
				SDKROOT = macosx;
				SWIFT_EMIT_LOC_STRINGS = NO;
				SWIFT_VERSION = 5.0;
				TEST_TARGET_NAME = "JSNewAPISample (macOS)";
			};
			name = Release;
		};
/* End XCBuildConfiguration section */

/* Begin XCConfigurationList section */
		25B415802784159700304754 /* Build configuration list for PBXProject "JSNewAPISample" */ = {
			isa = XCConfigurationList;
			buildConfigurations = (
				25B415B02784159800304754 /* Debug */,
				25B415B12784159800304754 /* Release */,
			);
			defaultConfigurationIsVisible = 0;
			defaultConfigurationName = Release;
		};
		25B415B22784159800304754 /* Build configuration list for PBXNativeTarget "JSNewAPISample (iOS)" */ = {
			isa = XCConfigurationList;
			buildConfigurations = (
				25B415B32784159800304754 /* Debug */,
				25B415B42784159800304754 /* Release */,
			);
			defaultConfigurationIsVisible = 0;
			defaultConfigurationName = Release;
		};
		25B415B52784159800304754 /* Build configuration list for PBXNativeTarget "JSNewAPISample (macOS)" */ = {
			isa = XCConfigurationList;
			buildConfigurations = (
				25B415B62784159800304754 /* Debug */,
				25B415B72784159800304754 /* Release */,
			);
			defaultConfigurationIsVisible = 0;
			defaultConfigurationName = Release;
		};
		25B415B82784159800304754 /* Build configuration list for PBXNativeTarget "Tests iOS" */ = {
			isa = XCConfigurationList;
			buildConfigurations = (
				25B415B92784159800304754 /* Debug */,
				25B415BA2784159800304754 /* Release */,
			);
			defaultConfigurationIsVisible = 0;
			defaultConfigurationName = Release;
		};
		25B415BB2784159800304754 /* Build configuration list for PBXNativeTarget "Tests macOS" */ = {
			isa = XCConfigurationList;
			buildConfigurations = (
				25B415BC2784159800304754 /* Debug */,
				25B415BD2784159800304754 /* Release */,
			);
			defaultConfigurationIsVisible = 0;
			defaultConfigurationName = Release;
		};
/* End XCConfigurationList section */
	};
	rootObject = 25B4157D2784159700304754 /* Project object */;
}
